# THIS IS AN AUTOGENERATED FILE. DO NOT EDIT THIS FILE DIRECTLY.
# yarn lockfile v1


"@babel/runtime@7.0.0-beta.55":
  version "7.0.0-beta.55"
  resolved "https://registry.yarnpkg.com/@babel/runtime/-/runtime-7.0.0-beta.55.tgz#0bc33aa5a6ac0b012f37e25b9e6aaa2e489a916b"
  integrity sha1-C8M6paasCwEvN+JbnmqqLkiakWs=
  dependencies:
    core-js "^2.5.7"
    regenerator-runtime "^0.12.0"

"@expo/react-native-action-sheet@^3.1.0":
  version "3.4.0"
  resolved "https://registry.yarnpkg.com/@expo/react-native-action-sheet/-/react-native-action-sheet-3.4.0.tgz#b385b650a1296a8f7411ef3cdccbaa5aef8429d5"
  integrity sha512-jT9ebYH3Vrf70NDgk3wGfY90UMGLweF9Eav4fuGOSEKzRCH/l/uaHZOKzeoMVua0hE4lanfL6jtcpbEjEXGP0w==
  dependencies:
    "@types/hoist-non-react-statics" "^3.3.1"
    hoist-non-react-statics "^3.3.0"

"@types/hoist-non-react-statics@^3.3.1":
  version "3.3.1"
  resolved "https://registry.yarnpkg.com/@types/hoist-non-react-statics/-/hoist-non-react-statics-3.3.1.tgz#1124aafe5118cb591977aeb1ceaaed1070eb039f"
  integrity sha512-iMIqiko6ooLrTh1joXodJK5X9xeEALT1kM5G3ZLhD3hszxBdIEd5C75U834D9mLcINgD4OyZf5uQXjkuYydWvA==
  dependencies:
    "@types/react" "*"
    hoist-non-react-statics "^3.3.0"

"@types/prop-types@*":
  version "15.7.3"
  resolved "https://registry.yarnpkg.com/@types/prop-types/-/prop-types-15.7.3.tgz#2ab0d5da2e5815f94b0b9d4b95d1e5f243ab2ca7"
  integrity sha512-KfRL3PuHmqQLOG+2tGpRO26Ctg+Cq1E01D2DMriKEATHgWLfeNDmq9e29Q9WIky0dQ3NPkd1mzYH8Lm936Z9qw==

"@types/react@*":
  version "16.9.13"
  resolved "https://registry.yarnpkg.com/@types/react/-/react-16.9.13.tgz#b3ea5dd443f4a680599e2abba8cc66f5e1ce0059"
  integrity sha512-LikzRslbiufJYHyzbHSW0GrAiff8QYLMBFeZmSxzCYGXKxi8m/1PHX+rsVOwhr7mJNq+VIu2Dhf7U6mjFERK6w==
  dependencies:
    "@types/prop-types" "*"
    csstype "^2.2.0"

core-js@^2.5.7:
  version "2.6.10"
  resolved "https://registry.yarnpkg.com/core-js/-/core-js-2.6.10.tgz#8a5b8391f8cc7013da703411ce5b585706300d7f"
  integrity sha512-I39t74+4t+zau64EN1fE5v2W31Adtc/REhzWN+gWRRXg6WH5qAsZm62DHpQ1+Yhe4047T55jvzz7MUqF/dBBlA==

csstype@^2.2.0:
  version "2.6.7"
  resolved "https://registry.yarnpkg.com/csstype/-/csstype-2.6.7.tgz#20b0024c20b6718f4eda3853a1f5a1cce7f5e4a5"
  integrity sha512-9Mcn9sFbGBAdmimWb2gLVDtFJzeKtDGIr76TUqmjZrw9LFXBMSU70lcs+C0/7fyCd6iBDqmksUcCOUIkisPHsQ==

hoist-non-react-statics@^3.3.0:
  version "3.3.1"
  resolved "https://registry.yarnpkg.com/hoist-non-react-statics/-/hoist-non-react-statics-3.3.1.tgz#101685d3aff3b23ea213163f6e8e12f4f111e19f"
  integrity sha512-wbg3bpgA/ZqWrZuMOeJi8+SKMhr7X9TesL/rXMjTzh0p0JUBo3II8DHboYbuIXWRlttrUFxwcu/5kygrCw8fJw==
  dependencies:
    react-is "^16.7.0"

"js-tokens@^3.0.0 || ^4.0.0":
  version "4.0.0"
  resolved "https://registry.yarnpkg.com/js-tokens/-/js-tokens-4.0.0.tgz#19203fb59991df98e3a287050d4647cdeaf32499"
  integrity sha512-RdJUflcE3cUzKiMqQgsCu06FPu9UdIJO0beYbPhHN4k6apgJtifcoCtT9bcxOpYBtpD2kCM6Sbzg4CausW/PKQ==

loose-envify@^1.4.0:
  version "1.4.0"
  resolved "https://registry.yarnpkg.com/loose-envify/-/loose-envify-1.4.0.tgz#71ee51fa7be4caec1a63839f7e682d8132d30caf"
  integrity sha512-lyuxPGr/Wfhrlem2CL/UcnUc1zcqKAImBDzukY7Y5F/yQiNdko6+fRLevlw1HgMySw7f611UIY408EtxRSoK3Q==
  dependencies:
    js-tokens "^3.0.0 || ^4.0.0"

moment@^2.19.0:
  version "2.24.0"
  resolved "https://registry.yarnpkg.com/moment/-/moment-2.24.0.tgz#0d055d53f5052aa653c9f6eb68bb5d12bf5c2b5b"
  integrity sha512-bV7f+6l2QigeBBZSM/6yTNq4P2fNpSWj/0e7jQcy87A8e7o2nAfP/34/2ky5Vw4B9S446EtIhodAzkFCcR4dQg==

object-assign@^4.1.1:
  version "4.1.1"
  resolved "https://registry.yarnpkg.com/object-assign/-/object-assign-4.1.1.tgz#2109adc7965887cfc05cbbd442cac8bfbb360863"
  integrity sha1-IQmtx5ZYh8/AXLvUQsrIv7s2CGM=

prop-types@15.7.2, prop-types@^15.5.10:
  version "15.7.2"
  resolved "https://registry.yarnpkg.com/prop-types/-/prop-types-15.7.2.tgz#52c41e75b8c87e72b9d9360e0206b99dcbffa6c5"
  integrity sha512-8QQikdH7//R2vurIJSutZ1smHYTcLpRWEOlHnzcWHmBYrOGUysKwSsrC89BCiFj3CbrfJ/nXFdJepOVrY1GCHQ==
  dependencies:
    loose-envify "^1.4.0"
    object-assign "^4.1.1"
    react-is "^16.8.1"

react-is@^16.7.0, react-is@^16.8.1:
  version "16.12.0"
  resolved "https://registry.yarnpkg.com/react-is/-/react-is-16.12.0.tgz#2cc0fe0fba742d97fd527c42a13bec4eeb06241c"
  integrity sha512-rPCkf/mWBtKc97aLL9/txD8DZdemK0vkA3JMLShjlJB3Pj3s+lpf1KaBzMfQrAmhMQB0n1cU/SUGgKKBCe837Q==

react-native-communications@2.2.1:
  version "2.2.1"
  resolved "https://registry.yarnpkg.com/react-native-communications/-/react-native-communications-2.2.1.tgz#7883b56b20a002eeb790c113f8616ea8692ca795"
  integrity sha1-eIO1ayCgAu63kMET+GFuqGksp5U=

react-native-gifted-chat@^0.12.0-beta-0:
  version "0.12.0-beta-0"
  resolved "https://registry.yarnpkg.com/react-native-gifted-chat/-/react-native-gifted-chat-0.12.0-beta-0.tgz#10a7705f9d5a8e73949ee848742842eedd391070"
  integrity sha512-3O3XCpVTmMDaORM/DRZzb3ArueHfX0XB2Gt9GKSNzVtOHtLVK176GnmXA/UXg6+mGmYxthWj2e25+WtHCR8Mmg==
  dependencies:
    "@expo/react-native-action-sheet" "^3.1.0"
    moment "^2.19.0"
    prop-types "15.7.2"
    react-native-communications "2.2.1"
    react-native-iphone-x-helper "^1.2.0"
    react-native-lightbox "^0.7.0"
    react-native-maps "~0.25.0"
    react-native-parsed-text "https://github.com/EvanBacon/react-native-parsed-text.git"
    uuid "3.3.3"

react-native-iphone-x-helper@^1.2.0:
  version "1.2.1"
  resolved "https://registry.yarnpkg.com/react-native-iphone-x-helper/-/react-native-iphone-x-helper-1.2.1.tgz#645e2ffbbb49e80844bb4cbbe34a126fda1e6772"
  integrity sha512-/VbpIEp8tSNNHIvstuA3Swx610whci1Zpc9mqNkqn14DkMbw+ORviln2u0XyHG1kPvvwTNGZY6QpeFwxYaSdbQ==

react-native-lightbox@^0.7.0:
  version "0.7.0"
  resolved "https://registry.yarnpkg.com/react-native-lightbox/-/react-native-lightbox-0.7.0.tgz#e52b4d7fcc141f59d7b23f0180de535e35b20ec9"
  integrity sha512-HS3T4WlCd0Gb3us2d6Jse5m6KjNhngnKm35Wapq30WtQa9s+/VMmtuktbGPGaWtswcDyOj6qByeJBw9W80iPCA==
  dependencies:
    prop-types "^15.5.10"

react-native-maps@~0.25.0:
  version "0.25.0"
  resolved "https://registry.yarnpkg.com/react-native-maps/-/react-native-maps-0.25.0.tgz#81bc51eb50e33811a9e1c345cc48869413ead67d"
  integrity sha512-PFJuW1pt+HnnnN0m0OGk29RSvICFVkK/DScX6cUk0SuCSN2DAHx0y6y57lZyYXcYqU4J4usNpfxgp/ccjASDiw==

"react-native-parsed-text@https://github.com/EvanBacon/react-native-parsed-text.git":
  version "0.0.22"
  resolved "https://github.com/EvanBacon/react-native-parsed-text.git#f55c4713c62961f13a2eec99cbc1ec619615ee72"
  dependencies:
    prop-types "^15.5.10"

regenerator-runtime@^0.12.0:
  version "0.12.1"
  resolved "https://registry.yarnpkg.com/regenerator-runtime/-/regenerator-runtime-0.12.1.tgz#fa1a71544764c036f8c49b13a08b2594c9f8a0de"
  integrity sha512-odxIc1/vDlo4iZcfXqRYFj0vpXFNoGdKMAUieAlFYO6m/nl5e9KR/beGf41z4a1FI+aQgtjhuaSlDxQ0hmkrHg==

uuid@3.3.3:
  version "3.3.3"
  resolved "https://registry.yarnpkg.com/uuid/-/uuid-3.3.3.tgz#4568f0216e78760ee1dbf3a4d2cf53e224112866"
  integrity sha512-pW0No1RGHgzlpHJO1nsVrHKpOEIxkGg1xB+v0ZmdNH5OAeAwzAVrCnI2/6Mtx+Uys6iaylxa+D3g4j63IKKjSQ==
